[[package]]
name = "dtoa"
version = "0.4.2"
source = "registry+https://github.com/rust-lang/crates.io-index"

[[package]]
name = "itoa"
version = "0.4.1"
source = "registry+https://github.com/rust-lang/crates.io-index"

[[package]]
name = "num-traits"
version = "0.2.2"
source = "registry+https://github.com/rust-lang/crates.io-index"

[[package]]
name = "proc-macro2"
version = "0.3.6"
source = "registry+https://github.com/rust-lang/crates.io-index"
dependencies = [
 "unicode-xid 0.1.0 (registry+https://github.com/rust-lang/crates.io-index)",
]

[[package]]
name = "quote"
version = "0.5.1"
source = "registry+https://github.com/rust-lang/crates.io-index"
dependencies = [
 "proc-macro2 0.3.6 (registry+https://github.com/rust-lang/crates.io-index)",
]

[[package]]
name = "serde"
version = "1.0.40"
source = "registry+https://github.com/rust-lang/crates.io-index"

[[package]]
name = "serde_derive"
version = "1.0.40"
source = "registry+https://github.com/rust-lang/crates.io-index"
dependencies = [
 "proc-macro2 0.3.6 (registry+https://github.com/rust-lang/crates.io-index)",
 "quote 0.5.1 (registry+https://github.com/rust-lang/crates.io-index)",
 "serde_derive_internals 0.23.1 (registry+https://github.com/rust-lang/crates.io-index)",
 "syn 0.13.1 (registry+https://github.com/rust-lang/crates.io-index)",
]

[[package]]
name = "serde_derive_internals"
version = "0.23.1"
source = "registry+https://github.com/rust-lang/crates.io-index"
dependencies = [
 "proc-macro2 0.3.6 (registry+https://github.com/rust-lang/crates.io-index)",
 "syn 0.13.1 (registry+https://github.com/rust-lang/crates.io-index)",
]

[[package]]
name = "serde_json"
version = "1.0.15"
source = "registry+https://github.com/rust-lang/crates.io-index"
dependencies = [
 "dtoa 0.4.2 (registry+https://github.com/rust-lang/crates.io-index)",
 "itoa 0.4.1 (registry+https://github.com/rust-lang/crates.io-index)",
 "num-traits 0.2.2 (registry+https://github.com/rust-lang/crates.io-index)",
 "serde 1.0.40 (registry+https://github.com/rust-lang/crates.io-index)",
]

[[package]]
name = "stasis"
version = "0.1.0-alpha"
dependencies = [
 "serde 1.0.40 (registry+https://github.com/rust-lang/crates.io-index)",
 "serde_derive 1.0.40 (registry+https://github.com/rust-lang/crates.io-index)",
 "serde_json 1.0.15 (registry+https://github.com/rust-lang/crates.io-index)",
]

[[package]]
name = "syn"
version = "0.13.1"
source = "registry+https://github.com/rust-lang/crates.io-index"
dependencies = [
 "proc-macro2 0.3.6 (registry+https://github.com/rust-lang/crates.io-index)",
 "quote 0.5.1 (registry+https://github.com/rust-lang/crates.io-index)",
 "unicode-xid 0.1.0 (registry+https://github.com/rust-lang/crates.io-index)",
]

[[package]]
name = "unicode-xid"
version = "0.1.0"
source = "registry+https://github.com/rust-lang/crates.io-index"

[metadata]
"checksum dtoa 0.4.2 (registry+https://github.com/rust-lang/crates.io-index)" = "09c3753c3db574d215cba4ea76018483895d7bff25a31b49ba45db21c48e50ab"
"checksum itoa 0.4.1 (registry+https://github.com/rust-lang/crates.io-index)" = "c069bbec61e1ca5a596166e55dfe4773ff745c3d16b700013bcaff9a6df2c682"
"checksum num-traits 0.2.2 (registry+https://github.com/rust-lang/crates.io-index)" = "dee092fcdf725aee04dd7da1d21debff559237d49ef1cb3e69bcb8ece44c7364"
"checksum proc-macro2 0.3.6 (registry+https://github.com/rust-lang/crates.io-index)" = "49b6a521dc81b643e9a51e0d1cf05df46d5a2f3c0280ea72bcb68276ba64a118"
"checksum quote 0.5.1 (registry+https://github.com/rust-lang/crates.io-index)" = "7b0ff51282f28dc1b53fd154298feaa2e77c5ea0dba68e1fd8b03b72fbe13d2a"
"checksum serde 1.0.40 (registry+https://github.com/rust-lang/crates.io-index)" = "29465552c9b767d0cb44be3ddf4c3214be15d34975a7750f6cf4f409835f0248"
"checksum serde_derive 1.0.40 (registry+https://github.com/rust-lang/crates.io-index)" = "fb88f3c93214390ed9ef3ad15ce303c36684a915a97a30883ac6ca261bf67dc7"
"checksum serde_derive_internals 0.23.1 (registry+https://github.com/rust-lang/crates.io-index)" = "9d30c4596450fd7bbda79ef15559683f9a79ac0193ea819db90000d7e1cae794"
"checksum serde_json 1.0.15 (registry+https://github.com/rust-lang/crates.io-index)" = "7bf1cbb1387028a13739cb018ee0d9b3db534f22ca3c84a5904f7eadfde14e75"
"checksum syn 0.13.1 (registry+https://github.com/rust-lang/crates.io-index)" = "91b52877572087400e83d24b9178488541e3d535259e04ff17a63df1e5ceff59"
"checksum unicode-xid 0.1.0 (registry+https://github.com/rust-lang/crates.io-index)" = "fc72304796d0818e357ead4e000d19c9c174ab23dc11093ac919054d20a6a7fc"
